# THIS IS AN AUTOGENERATED FILE. DO NOT EDIT THIS FILE DIRECTLY.
# yarn lockfile v1


svelte@^3.32.1:
  version "3.32.1"
  resolved "https://registry.yarnpkg.com/svelte/-/svelte-3.32.1.tgz#c4b6e35517d0ed77e652cc8964ef660afa2f70f3"
  integrity sha512-j1KmD2ZOU0RGq1/STDXjwfh0/eJ/Deh2NXyuz1bpR9eOcz9yImn4CGxXdbSAN7cMTm9a7IyPUIbuBCzu/pXK0g==
